
Microsoft Visual Studio Solution File, Format Version 12.00
# Visual Studio Version 17
VisualStudioVersion = 17.4.33122.133
MinimumVisualStudioVersion = 10.0.40219.1
Project("{FAE04EC0-301F-11D3-BF4B-00C04F79EFBC}") = "DesafioPOO1Numero1-telefono", "DesafioPOO1Numero1-telefono\DesafioPOO1Numero1-telefono.csproj", "{D336C65D-0900-44DC-A94A-550D96D6B111}"
EndProject
Global
	GlobalSection(SolutionConfigurationPlatforms) = preSolution
		Debug|Any CPU = Debug|Any CPU
		Release|Any CPU = Release|Any CPU
	EndGlobalSection
	GlobalSection(ProjectConfigurationPlatforms) = postSolution
		{D336C65D-0900-44DC-A94A-550D96D6B111}.Debug|Any CPU.ActiveCfg = Debug|Any CPU
		{D336C65D-0900-44DC-A94A-550D96D6B111}.Debug|Any CPU.Build.0 = Debug|Any CPU
		{D336C65D-0900-44DC-A94A-550D96D6B111}.Release|Any CPU.ActiveCfg = Release|Any CPU
		{D336C65D-0900-44DC-A94A-550D96D6B111}.Release|Any CPU.Build.0 = Release|Any CPU
	EndGlobalSection
	GlobalSection(SolutionProperties) = preSolution
		HideSolutionNode = FALSE
	EndGlobalSection
	GlobalSection(ExtensibilityGlobals) = postSolution
		SolutionGuid = {66938C1B-C840-48FB-A516-01C125031C22}
	EndGlobalSection
EndGlobal
